{
    "_readme": [
        "This file locks the dependencies of your project to a known state",
        "Read more about it at https://getcomposer.org/doc/01-basic-usage.md#composer-lock-the-lock-file",
        "This file is @generated automatically"
    ],
    "content-hash": "a46c9745403ad21f2c7cc758d270658b",
    "packages": [
        {
            "name": "illuminate/filesystem",
            "version": "v4.2.17",
            "target-dir": "Illuminate/Filesystem",
            "source": {
                "type": "git",
                "url": "https://github.com/illuminate/filesystem.git",
                "reference": "9127fb58eb6b721d98d2f7077df6cb8004da24c0"
            },
            "dist": {
                "type": "zip",
                "url": "https://api.github.com/repos/illuminate/filesystem/zipball/9127fb58eb6b721d98d2f7077df6cb8004da24c0",
                "reference": "9127fb58eb6b721d98d2f7077df6cb8004da24c0",
                "shasum": ""
            },
            "require": {
                "illuminate/support": "4.2.*",
                "php": ">=5.4.0",
                "symfony/finder": "2.5.*"
            },
            "type": "library",
            "extra": {
                "branch-alias": {
                    "dev-master": "4.2-dev"
                }
            },
            "autoload": {
                "psr-0": {
                    "Illuminate\\Filesystem": ""
                }
            },
            "notification-url": "https://packagist.org/downloads/",
            "license": [
                "MIT"
            ],
            "authors": [
                {
                    "name": "Taylor Otwell",
                    "email": "taylorotwell@gmail.com"
                }
            ],
            "time": "2014-12-29T18:11:33+00:00"
        },
        {
            "name": "illuminate/support",
            "version": "v4.2.17",
            "target-dir": "Illuminate/Support",
            "source": {
                "type": "git",
                "url": "https://github.com/illuminate/support.git",
                "reference": "db61f3f6d507ce417ca993e1f93585db7efd8b12"
            },
            "dist": {
                "type": "zip",
                "url": "https://api.github.com/repos/illuminate/support/zipball/db61f3f6d507ce417ca993e1f93585db7efd8b12",
                "reference": "db61f3f6d507ce417ca993e1f93585db7efd8b12",
                "shasum": ""
            },
            "require": {
                "php": ">=5.4.0"
            },
            "require-dev": {
                "jeremeamia/superclosure": "~1.0.1",
                "patchwork/utf8": "~1.1"
            },
            "type": "library",
            "extra": {
                "branch-alias": {
                    "dev-master": "4.2-dev"
                }
            },
            "autoload": {
                "psr-0": {
                    "Illuminate\\Support": ""
                },
                "files": [
                    "Illuminate/Support/helpers.php"
                ]
            },
            "notification-url": "https://packagist.org/downloads/",
            "license": [
                "MIT"
            ],
            "authors": [
                {
                    "name": "Taylor Otwell",
                    "email": "taylorotwell@gmail.com"
                }
            ],
            "time": "2015-01-27T20:51:43+00:00"
        },
        {
            "name": "jasonlewis/resource-watcher",
            "version": "v1.2.0",
            "source": {
                "type": "git",
                "url": "https://github.com/jasonlewis/resource-watcher.git",
                "reference": "342928220c88b17f6552864a859a8a1e77a0446e"
            },
            "dist": {
                "type": "zip",
                "url": "https://api.github.com/repos/jasonlewis/resource-watcher/zipball/342928220c88b17f6552864a859a8a1e77a0446e",
                "reference": "342928220c88b17f6552864a859a8a1e77a0446e",
                "shasum": ""
            },
            "require": {
                "illuminate/filesystem": "~4.0|~5.0",
                "illuminate/support": "~4.0|~5.0",
                "php": ">=5.3.0"
            },
            "require-dev": {
                "mockery/mockery": "~0.9"
            },
            "type": "library",
            "autoload": {
                "psr-0": {
                    "JasonLewis\\ResourceWatcher": "src/"
                }
            },
            "notification-url": "https://packagist.org/downloads/",
            "authors": [
                {
                    "name": "Jason Lewis",
                    "email": "jason.lewis1991@gmail.com"
                }
            ],
            "description": "Simple PHP resource watcher library.",
            "keywords": [
                "assets",
                "laravel",
                "resource"
            ],
            "time": "2015-07-11T10:22:48+00:00"
        },
        {
            "name": "symfony/finder",
            "version": "v2.5.12",
            "target-dir": "Symfony/Component/Finder",
            "source": {
                "type": "git",
                "url": "https://github.com/symfony/Finder.git",
                "reference": "e527ebf47ff912a45e148b7d0b107b80ec0b3cc2"
            },
            "dist": {
                "type": "zip",
                "url": "https://api.github.com/repos/symfony/Finder/zipball/e527ebf47ff912a45e148b7d0b107b80ec0b3cc2",
                "reference": "e527ebf47ff912a45e148b7d0b107b80ec0b3cc2",
                "shasum": ""
            },
            "require": {
                "php": ">=5.3.3"
            },
            "type": "library",
            "extra": {
                "branch-alias": {
                    "dev-master": "2.5-dev"
                }
            },
            "autoload": {
                "psr-0": {
                    "Symfony\\Component\\Finder\\": ""
                }
            },
            "notification-url": "https://packagist.org/downloads/",
            "license": [
                "MIT"
            ],
            "authors": [
                {
                    "name": "Symfony Community",
                    "homepage": "http://symfony.com/contributors"
                },
                {
                    "name": "Fabien Potencier",
                    "email": "fabien@symfony.com"
                }
            ],
            "description": "Symfony Finder Component",
            "homepage": "http://symfony.com",
            "time": "2015-01-03T08:01:13+00:00"
        },
        {
            "name": "vtardia/cli-parser",
            "version": "1.0.0",
            "source": {
                "type": "git",
                "url": "https://github.com/vtardia/cli-parser.git",
                "reference": "29a1de575f5759d28f3bc920a69ec883ceeba1e8"
            },
            "dist": {
                "type": "zip",
                "url": "https://api.github.com/repos/vtardia/cli-parser/zipball/29a1de575f5759d28f3bc920a69ec883ceeba1e8",
                "reference": "29a1de575f5759d28f3bc920a69ec883ceeba1e8",
                "shasum": ""
            },
            "require": {
                "php": ">=5.3"
            },
            "require-dev": {
                "phpunit/phpunit": "~4.5"
            },
            "type": "library",
            "autoload": {
                "psr-4": {
                    "CLIParser\\": "src/"
                }
            },
            "notification-url": "https://packagist.org/downloads/",
            "license": [
                "MIT"
            ],
            "authors": [
                {
                    "name": "Vito Tardia",
                    "email": "vito@tardia.me"
                }
            ],
            "description": "A command line parser utility for PHP scripts.",
            "homepage": "https://github.com/vtardia/cli-parser",
            "keywords": [
                "cli",
                "commands",
                "console",
                "shell"
            ],
            "time": "2015-03-26T13:27:30+00:00"
        }
    ],
    "packages-dev": [],
    "aliases": [],
    "minimum-stability": "stable",
    "stability-flags": [],
    "prefer-stable": false,
    "prefer-lowest": false,
    "platform": [],
    "platform-dev": []
}
